
Microsoft Visual Studio Solution File, Format Version 12.00
Project("{FAE04EC0-301F-11D3-BF4B-00C04F79EFBC}") = "EnigmaBad", "EnigmaBad\EnigmaBad.csproj", "{DA1C407D-2938-4CEF-B602-BC37A3D0F652}"
EndProject
Project("{FAE04EC0-301F-11D3-BF4B-00C04F79EFBC}") = "Enigma", "Enigma\Enigma.csproj", "{CA92A1A2-B958-4A8D-AF9D-A168699B38D9}"
EndProject
Project("{FAE04EC0-301F-11D3-BF4B-00C04F79EFBC}") = "EnigmaTest", "EnigmaTest\EnigmaTest.csproj", "{0766419B-95F5-4EB3-A891-79B840A27577}"
EndProject
Global
	GlobalSection(SolutionConfigurationPlatforms) = preSolution
		Debug|Any CPU = Debug|Any CPU
		Release|Any CPU = Release|Any CPU
	EndGlobalSection
	GlobalSection(ProjectConfigurationPlatforms) = postSolution
		{DA1C407D-2938-4CEF-B602-BC37A3D0F652}.Debug|Any CPU.ActiveCfg = Debug|Any CPU
		{DA1C407D-2938-4CEF-B602-BC37A3D0F652}.Debug|Any CPU.Build.0 = Debug|Any CPU
		{DA1C407D-2938-4CEF-B602-BC37A3D0F652}.Release|Any CPU.ActiveCfg = Release|Any CPU
		{DA1C407D-2938-4CEF-B602-BC37A3D0F652}.Release|Any CPU.Build.0 = Release|Any CPU
		{CA92A1A2-B958-4A8D-AF9D-A168699B38D9}.Debug|Any CPU.ActiveCfg = Debug|Any CPU
		{CA92A1A2-B958-4A8D-AF9D-A168699B38D9}.Debug|Any CPU.Build.0 = Debug|Any CPU
		{CA92A1A2-B958-4A8D-AF9D-A168699B38D9}.Release|Any CPU.ActiveCfg = Release|Any CPU
		{CA92A1A2-B958-4A8D-AF9D-A168699B38D9}.Release|Any CPU.Build.0 = Release|Any CPU
		{0766419B-95F5-4EB3-A891-79B840A27577}.Debug|Any CPU.ActiveCfg = Debug|Any CPU
		{0766419B-95F5-4EB3-A891-79B840A27577}.Debug|Any CPU.Build.0 = Debug|Any CPU
		{0766419B-95F5-4EB3-A891-79B840A27577}.Release|Any CPU.ActiveCfg = Release|Any CPU
		{0766419B-95F5-4EB3-A891-79B840A27577}.Release|Any CPU.Build.0 = Release|Any CPU
	EndGlobalSection
EndGlobal
